
Microsoft Visual Studio Solution File, Format Version 12.00
# Visual Studio Version 16
VisualStudioVersion = 16.0.32228.343
MinimumVisualStudioVersion = 10.0.40219.1
Project("{E24C65DC-7377-472B-9ABA-BC803B73C61A}") = "database", ".", "{CC1767F1-E0A3-43FA-82BB-8BFAFDB219D8}"
	ProjectSection(WebsiteProperties) = preProject
		TargetFrameworkMoniker = ".NETFramework,Version%3Dv4.7.2"
		Debug.AspNetCompiler.VirtualPath = "/localhost_62773"
		Debug.AspNetCompiler.PhysicalPath = "..\database\"
		Debug.AspNetCompiler.TargetPath = "PrecompiledWeb\localhost_62773\"
		Debug.AspNetCompiler.Updateable = "true"
		Debug.AspNetCompiler.ForceOverwrite = "true"
		Debug.AspNetCompiler.FixedNames = "false"
		Debug.AspNetCompiler.Debug = "True"
		Release.AspNetCompiler.VirtualPath = "/localhost_62773"
		Release.AspNetCompiler.PhysicalPath = "..\database\"
		Release.AspNetCompiler.TargetPath = "PrecompiledWeb\localhost_62773\"
		Release.AspNetCompiler.Updateable = "true"
		Release.AspNetCompiler.ForceOverwrite = "true"
		Release.AspNetCompiler.FixedNames = "false"
		Release.AspNetCompiler.Debug = "False"
		VWDPort = "62773"
		SlnRelativePath = "..\database\"
		DefaultWebSiteLanguage = "Visual C#"
	EndProjectSection
EndProject
Global
	GlobalSection(SolutionConfigurationPlatforms) = preSolution
		Debug|Any CPU = Debug|Any CPU
	EndGlobalSection
	GlobalSection(ProjectConfigurationPlatforms) = postSolution
		{CC1767F1-E0A3-43FA-82BB-8BFAFDB219D8}.Debug|Any CPU.ActiveCfg = Debug|Any CPU
		{CC1767F1-E0A3-43FA-82BB-8BFAFDB219D8}.Debug|Any CPU.Build.0 = Debug|Any CPU
	EndGlobalSection
	GlobalSection(SolutionProperties) = preSolution
		HideSolutionNode = FALSE
	EndGlobalSection
	GlobalSection(ExtensibilityGlobals) = postSolution
		SolutionGuid = {EB8237FD-1F93-4DD6-81E6-10C606542EF4}
	EndGlobalSection
EndGlobal
